Microsoft Visual Studio Solution File, Format Version 10.00
# Visual Studio 2008

Project("{6B3525A7-089C-AD00-A713-3676BA5608EC}") = "Brick Breaker", "Assembly-UnityScript.unityproj", "{5ADBCD03-8095-74AA-45B6-F26ECA353936}"
EndProject
Global
	GlobalSection(SolutionConfigurationPlatforms) = preSolution
		Debug|Any CPU = Debug|Any CPU
		Release|Any CPU = Release|Any CPU
	EndGlobalSection
	GlobalSection(ProjectConfigurationPlatforms) = postSolution
		{5ADBCD03-8095-74AA-45B6-F26ECA353936}.Debug|Any CPU.ActiveCfg = Debug|Any CPU
		{5ADBCD03-8095-74AA-45B6-F26ECA353936}.Debug|Any CPU.Build.0 = Debug|Any CPU
		{5ADBCD03-8095-74AA-45B6-F26ECA353936}.Release|Any CPU.ActiveCfg = Release|Any CPU
		{5ADBCD03-8095-74AA-45B6-F26ECA353936}.Release|Any CPU.Build.0 = Release|Any CPU
	EndGlobalSection
	GlobalSection(SolutionProperties) = preSolution
		HideSolutionNode = FALSE
	EndGlobalSection
	
EndGlobal
